
Microsoft Visual Studio Solution File, Format Version 12.00
# Visual Studio 15
VisualStudioVersion = 15.0.28307.1433
MinimumVisualStudioVersion = 10.0.40219.1
Project("{FAE04EC0-301F-11D3-BF4B-00C04F79EFBC}") = "WebApplication14", "WebApplication14\WebApplication14.csproj", "{5D735E61-CA8B-4653-827D-A6F2079307D4}"
EndProject
Global
	GlobalSection(SolutionConfigurationPlatforms) = preSolution
		Debug|Any CPU = Debug|Any CPU
		Release|Any CPU = Release|Any CPU
	EndGlobalSection
	GlobalSection(ProjectConfigurationPlatforms) = postSolution
		{5D735E61-CA8B-4653-827D-A6F2079307D4}.Debug|Any CPU.ActiveCfg = Debug|Any CPU
		{5D735E61-CA8B-4653-827D-A6F2079307D4}.Debug|Any CPU.Build.0 = Debug|Any CPU
		{5D735E61-CA8B-4653-827D-A6F2079307D4}.Release|Any CPU.ActiveCfg = Release|Any CPU
		{5D735E61-CA8B-4653-827D-A6F2079307D4}.Release|Any CPU.Build.0 = Release|Any CPU
	EndGlobalSection
	GlobalSection(SolutionProperties) = preSolution
		HideSolutionNode = FALSE
	EndGlobalSection
	GlobalSection(ExtensibilityGlobals) = postSolution
		SolutionGuid = {2ACBDB80-A565-4DD3-8FF5-BBDA044FB44C}
	EndGlobalSection
EndGlobal
